
Microsoft Visual Studio Solution File, Format Version 12.00
# Visual Studio Version 16
VisualStudioVersion = 16.0.30907.101
MinimumVisualStudioVersion = 10.0.40219.1
Project("{FAE04EC0-301F-11D3-BF4B-00C04F79EFBC}") = "Recognition", "Recognition.csproj", "{BA9E3421-900C-4EDC-9404-2E527B458367}"
EndProject
Project("{FAE04EC0-301F-11D3-BF4B-00C04F79EFBC}") = "ConsoleApp", "..\ConsoleApp\ConsoleApp.csproj", "{1F95A5B8-6591-4872-B661-5D417912C28A}"
	ProjectSection(ProjectDependencies) = postProject
		{BA9E3421-900C-4EDC-9404-2E527B458367} = {BA9E3421-900C-4EDC-9404-2E527B458367}
	EndProjectSection
EndProject
Global
	GlobalSection(SolutionConfigurationPlatforms) = preSolution
		Debug|Any CPU = Debug|Any CPU
		Release|Any CPU = Release|Any CPU
	EndGlobalSection
	GlobalSection(ProjectConfigurationPlatforms) = postSolution
		{BA9E3421-900C-4EDC-9404-2E527B458367}.Debug|Any CPU.ActiveCfg = Debug|Any CPU
		{BA9E3421-900C-4EDC-9404-2E527B458367}.Debug|Any CPU.Build.0 = Debug|Any CPU
		{BA9E3421-900C-4EDC-9404-2E527B458367}.Release|Any CPU.ActiveCfg = Release|Any CPU
		{BA9E3421-900C-4EDC-9404-2E527B458367}.Release|Any CPU.Build.0 = Release|Any CPU
		{1F95A5B8-6591-4872-B661-5D417912C28A}.Debug|Any CPU.ActiveCfg = Debug|Any CPU
		{1F95A5B8-6591-4872-B661-5D417912C28A}.Debug|Any CPU.Build.0 = Debug|Any CPU
		{1F95A5B8-6591-4872-B661-5D417912C28A}.Release|Any CPU.ActiveCfg = Release|Any CPU
		{1F95A5B8-6591-4872-B661-5D417912C28A}.Release|Any CPU.Build.0 = Release|Any CPU
	EndGlobalSection
	GlobalSection(SolutionProperties) = preSolution
		HideSolutionNode = FALSE
	EndGlobalSection
	GlobalSection(ExtensibilityGlobals) = postSolution
		SolutionGuid = {09F714FF-894A-4242-B47C-5AB2930F0BD2}
	EndGlobalSection
EndGlobal
